
Microsoft Visual Studio Solution File, Format Version 12.00
# Visual Studio Version 17
VisualStudioVersion = 17.14.36221.1 d17.14
MinimumVisualStudioVersion = 10.0.40219.1
Project("{FAE04EC0-301F-11D3-BF4B-00C04F79EFBC}") = "BatchRecoder", "BatchRecoder\BatchRecoder.csproj", "{2E567868-B352-42F6-AA24-92A5C77DE7EB}"
EndProject
Global
	GlobalSection(SolutionConfigurationPlatforms) = preSolution
		Debug|Any CPU = Debug|Any CPU
		Release|Any CPU = Release|Any CPU
	EndGlobalSection
	GlobalSection(ProjectConfigurationPlatforms) = postSolution
		{2E567868-B352-42F6-AA24-92A5C77DE7EB}.Debug|Any CPU.ActiveCfg = Debug|Any CPU
		{2E567868-B352-42F6-AA24-92A5C77DE7EB}.Debug|Any CPU.Build.0 = Debug|Any CPU
		{2E567868-B352-42F6-AA24-92A5C77DE7EB}.Release|Any CPU.ActiveCfg = Release|Any CPU
		{2E567868-B352-42F6-AA24-92A5C77DE7EB}.Release|Any CPU.Build.0 = Release|Any CPU
	EndGlobalSection
	GlobalSection(SolutionProperties) = preSolution
		HideSolutionNode = FALSE
	EndGlobalSection
	GlobalSection(ExtensibilityGlobals) = postSolution
		SolutionGuid = {ADC8F3DB-4261-4580-811B-349A76FF9CD4}
	EndGlobalSection
EndGlobal
